
Microsoft Visual Studio Solution File, Format Version 12.00
# Visual Studio 15
VisualStudioVersion = 15.0.26430.14
MinimumVisualStudioVersion = 10.0.40219.1
Project("{FAE04EC0-301F-11D3-BF4B-00C04F79EFBC}") = "Quaff.Console", "Quaff.Console.csproj", "{941C8080-E755-453E-B71F-1955341D7386}"
EndProject
Global
	GlobalSection(SolutionConfigurationPlatforms) = preSolution
		Debug|Any CPU = Debug|Any CPU
		Release|Any CPU = Release|Any CPU
	EndGlobalSection
	GlobalSection(ProjectConfigurationPlatforms) = postSolution
		{941C8080-E755-453E-B71F-1955341D7386}.Debug|Any CPU.ActiveCfg = Debug|Any CPU
		{941C8080-E755-453E-B71F-1955341D7386}.Debug|Any CPU.Build.0 = Debug|Any CPU
		{941C8080-E755-453E-B71F-1955341D7386}.Release|Any CPU.ActiveCfg = Release|Any CPU
		{941C8080-E755-453E-B71F-1955341D7386}.Release|Any CPU.Build.0 = Release|Any CPU
	EndGlobalSection
	GlobalSection(SolutionProperties) = preSolution
		HideSolutionNode = FALSE
	EndGlobalSection
EndGlobal
